<?xml version="1.0" encoding="utf-8"?>
<Project ToolsVersion="4.0" xmlns="http://schemas.microsoft.com/developer/msbuild/2003">
  <ItemGroup>
    <Filter Include="Source Files">
      <UniqueIdentifier>{4FC737F1-C7A5-4376-A066-2A32D752A2FF}</UniqueIdentifier>
      <Extensions>cpp;c;cc;cxx;def;odl;idl;hpj;bat;asm;asmx</Extensions>
    </Filter>
    <Filter Include="Header Files">
      <UniqueIdentifier>{93995380-89BD-4b04-88EB-625FBE52EBFB}</UniqueIdentifier>
      <Extensions>h;hh;hpp;hxx;hm;inl;inc;xsd</Extensions>
    </Filter>
    <Filter Include="Resource Files">
      <UniqueIdentifier>{67DA6AB6-F800-4c08-8B7A-83BB121AAD01}</UniqueIdentifier>
      <Extensions>rc;ico;cur;bmp;dlg;rc2;rct;bin;rgs;gif;jpg;jpeg;jpe;resx;tiff;tif;png;wav;mfcribbon-ms</Extensions>
    </Filter>
  </ItemGroup>
  <ItemGroup>
    <ClCompile Include="src\stdafx.cpp">
      <Filter>Source Files</Filter>
    </ClCompile>
    <ClCompile Include="src\Include\Core\Audio\audio_clip.cpp">
      <Filter>Source Files</Filter>
    </ClCompile>
    <ClCompile Include="src\Include\Core\Audio\audio_manager.cpp">
      <Filter>Source Files</Filter>
    </ClCompile>
    <ClCompile Include="src\Include\Core\Audio\wav_clip.cpp">
      <Filter>Source Files</Filter>
    </ClCompile>
    <ClCompile Include="src\Include\Core\Config\config_file.cpp">
      <Filter>Source Files</Filter>
    </ClCompile>
    <ClCompile Include="src\Include\Core\Config\configuration_manager.cpp">
      <Filter>Source Files</Filter>
    </ClCompile>
    <ClCompile Include="src\Include\Core\DebugManager\debug_manager.cpp">
      <Filter>Source Files</Filter>
    </ClCompile>
    <ClCompile Include="src\Include\Core\InGameConsole\in_game_console.cpp">
      <Filter>Source Files</Filter>
    </ClCompile>
    <ClCompile Include="src\Include\Core\Input\devices\keyboard.cpp">
      <Filter>Source Files</Filter>
    </ClCompile>
    <ClCompile Include="src\Include\Core\Input\devices\mouse.cpp">
      <Filter>Source Files</Filter>
    </ClCompile>
    <ClCompile Include="src\Include\Core\Input\listener\input_listener.cpp">
      <Filter>Source Files</Filter>
    </ClCompile>
    <ClCompile Include="src\Include\Core\Input\misc\action_mapper.cpp">
      <Filter>Source Files</Filter>
    </ClCompile>
    <ClCompile Include="src\Include\Core\Input\misc\axis_mapper.cpp">
      <Filter>Source Files</Filter>
    </ClCompile>
    <ClCompile Include="src\Include\Core\Input\input_manager.cpp">
      <Filter>Source Files</Filter>
    </ClCompile>
    <ClCompile Include="src\Include\Core\MemoryManager\memory_manager.cpp">
      <Filter>Source Files</Filter>
    </ClCompile>
    <ClCompile Include="src\Include\Core\MemoryManager\memory_tracker.cpp">
      <Filter>Source Files</Filter>
    </ClCompile>
    <ClCompile Include="src\Include\Core\Profiling\profiler.cpp">
      <Filter>Source Files</Filter>
    </ClCompile>
    <ClCompile Include="src\Include\Core\Resources\resource_manager.cpp">
      <Filter>Source Files</Filter>
    </ClCompile>
    <ClCompile Include="src\Include\Core\SceneManager\scene_manager.cpp">
      <Filter>Source Files</Filter>
    </ClCompile>
    <ClCompile Include="src\Include\Core\ThreadManager\thread_manager.cpp">
      <Filter>Source Files</Filter>
    </ClCompile>
    <ClCompile Include="src\Include\Core\core_engine.cpp">
      <Filter>Source Files</Filter>
    </ClCompile>
    <ClCompile Include="src\Include\Core\subsystem_manager.cpp">
      <Filter>Source Files</Filter>
    </ClCompile>
    <ClCompile Include="src\Include\Ext\StbImage\stb_image.cpp">
      <Filter>Source Files</Filter>
    </ClCompile>
    <ClCompile Include="src\Include\GameplayLayer\Components\Rendering\camera.cpp">
      <Filter>Source Files</Filter>
    </ClCompile>
    <ClCompile Include="src\Include\GameplayLayer\Components\Rendering\mesh_renderer.cpp">
      <Filter>Source Files</Filter>
    </ClCompile>
    <ClCompile Include="src\Include\GameplayLayer\Components\audio_listener.cpp">
      <Filter>Source Files</Filter>
    </ClCompile>
    <ClCompile Include="src\Include\GameplayLayer\Components\audio_source.cpp">
      <Filter>Source Files</Filter>
    </ClCompile>
    <ClCompile Include="src\Include\GameplayLayer\Components\fps_camera.cpp">
      <Filter>Source Files</Filter>
    </ClCompile>
    <ClCompile Include="src\Include\GameplayLayer\Components\i_component.cpp">
      <Filter>Source Files</Filter>
    </ClCompile>
    <ClCompile Include="src\Include\GameplayLayer\Components\skybox.cpp">
      <Filter>Source Files</Filter>
    </ClCompile>
    <ClCompile Include="src\Include\GameplayLayer\Components\transform.cpp">
      <Filter>Source Files</Filter>
    </ClCompile>
    <ClCompile Include="src\Include\GameplayLayer\gameobject.cpp">
      <Filter>Source Files</Filter>
    </ClCompile>
    <ClCompile Include="src\Include\GameplayLayer\i_scene.cpp">
      <Filter>Source Files</Filter>
    </ClCompile>
    <ClCompile Include="src\Include\Physics\ray.cpp">
      <Filter>Source Files</Filter>
    </ClCompile>
    <ClCompile Include="src\Include\Core\locator.cpp">
      <Filter>Source Files</Filter>
    </ClCompile>
    <ClCompile Include="src\Include\GameplayLayer\Components\Rendering\directional_light.cpp">
      <Filter>Source Files</Filter>
    </ClCompile>
    <ClCompile Include="src\Include\GameplayLayer\Components\Rendering\point_light.cpp">
      <Filter>Source Files</Filter>
    </ClCompile>
    <ClCompile Include="src\Include\GameplayLayer\Components\Rendering\spot_light.cpp">
      <Filter>Source Files</Filter>
    </ClCompile>
    <ClCompile Include="src\Include\GameplayLayer\Components\billboard.cpp">
      <Filter>Source Files</Filter>
    </ClCompile>
    <ClCompile Include="src\Include\Assets\brdf_lut.cpp">
      <Filter>Source Files</Filter>
    </ClCompile>
    <ClCompile Include="src\Include\Assets\environment_map.cpp">
      <Filter>Source Files</Filter>
    </ClCompile>
    <ClCompile Include="src\Include\Assets\asset_manager.cpp">
      <Filter>Source Files</Filter>
    </ClCompile>
    <ClCompile Include="src\Include\Core\mesh_generator.cpp">
      <Filter>Source Files</Filter>
    </ClCompile>
    <ClCompile Include="src\Include\Assets\assimp_loader.cpp">
      <Filter>Source Files</Filter>
    </ClCompile>
    <ClCompile Include="src\Include\Ext\ImGUI\imgui.cpp">
      <Filter>Source Files</Filter>
    </ClCompile>
    <ClCompile Include="src\Include\Ext\ImGUI\imgui_demo.cpp">
      <Filter>Source Files</Filter>
    </ClCompile>
    <ClCompile Include="src\Include\Ext\ImGUI\imgui_draw.cpp">
      <Filter>Source Files</Filter>
    </ClCompile>
    <ClCompile Include="src\Include\GameplayLayer\Components\Rendering\gui.cpp">
      <Filter>Source Files</Filter>
    </ClCompile>
    <ClCompile Include="src\Include\GameplayLayer\light_shadow_manager.cpp">
      <Filter>Source Files</Filter>
    </ClCompile>
  </ItemGroup>
  <ItemGroup>
    <ClInclude Include="src\stdafx.h">
      <Filter>Header Files</Filter>
    </ClInclude>
    <ClInclude Include="src\Include\Core\Audio\audio_clip.h">
      <Filter>Header Files</Filter>
    </ClInclude>
    <ClInclude Include="src\Include\Core\Audio\audio_manager.h">
      <Filter>Header Files</Filter>
    </ClInclude>
    <ClInclude Include="src\Include\Core\Audio\wav_clip.h">
      <Filter>Header Files</Filter>
    </ClInclude>
    <ClInclude Include="src\Include\Core\Config\config_file.h">
      <Filter>Header Files</Filter>
    </ClInclude>
    <ClInclude Include="src\Include\Core\Config\configuration_manager.h">
      <Filter>Header Files</Filter>
    </ClInclude>
    <ClInclude Include="src\Include\Core\DebugManager\debug_manager.h">
      <Filter>Header Files</Filter>
    </ClInclude>
    <ClInclude Include="src\Include\Core\InGameConsole\i_in_game_console.hpp">
      <Filter>Header Files</Filter>
    </ClInclude>
    <ClInclude Include="src\Include\Core\InGameConsole\in_game_console.h">
      <Filter>Header Files</Filter>
    </ClInclude>
    <ClInclude Include="src\Include\Core\Input\devices\keyboard.h">
      <Filter>Header Files</Filter>
    </ClInclude>
    <ClInclude Include="src\Include\Core\Input\devices\mouse.h">
      <Filter>Header Files</Filter>
    </ClInclude>
    <ClInclude Include="src\Include\Core\Input\listener\input_listener.h">
      <Filter>Header Files</Filter>
    </ClInclude>
    <ClInclude Include="src\Include\Core\Input\misc\action_mapper.h">
      <Filter>Header Files</Filter>
    </ClInclude>
    <ClInclude Include="src\Include\Core\Input\misc\axis_mapper.h">
      <Filter>Header Files</Filter>
    </ClInclude>
    <ClInclude Include="src\Include\Core\Input\input_manager.h">
      <Filter>Header Files</Filter>
    </ClInclude>
    <ClInclude Include="src\Include\Core\MemoryManager\memory.hpp">
      <Filter>Header Files</Filter>
    </ClInclude>
    <ClInclude Include="src\Include\Core\MemoryManager\memory_manager.h">
      <Filter>Header Files</Filter>
    </ClInclude>
    <ClInclude Include="src\Include\Core\MemoryManager\memory_tracker.h">
      <Filter>Header Files</Filter>
    </ClInclude>
    <ClInclude Include="src\Include\Core\Profiling\profiler.h">
      <Filter>Header Files</Filter>
    </ClInclude>
    <ClInclude Include="src\Include\Core\Resources\resource_manager.h">
      <Filter>Header Files</Filter>
    </ClInclude>
    <ClInclude Include="src\Include\Core\SceneManager\scene_manager.h">
      <Filter>Header Files</Filter>
    </ClInclude>
    <ClInclude Include="src\Include\Core\ThreadManager\thread_manager.h">
      <Filter>Header Files</Filter>
    </ClInclude>
    <ClInclude Include="src\Include\Core\core_engine.h">
      <Filter>Header Files</Filter>
    </ClInclude>
    <ClInclude Include="src\Include\Core\subsystem_manager.h">
      <Filter>Header Files</Filter>
    </ClInclude>
    <ClInclude Include="src\Include\Ext\JSON\json.hpp">
      <Filter>Header Files</Filter>
    </ClInclude>
    <ClInclude Include="src\Include\Ext\StbImage\stb_image.h">
      <Filter>Header Files</Filter>
    </ClInclude>
    <ClInclude Include="src\Include\GameplayLayer\Components\Rendering\camera.h">
      <Filter>Header Files</Filter>
    </ClInclude>
    <ClInclude Include="src\Include\GameplayLayer\Components\Rendering\i_render_component.hpp">
      <Filter>Header Files</Filter>
    </ClInclude>
    <ClInclude Include="src\Include\GameplayLayer\Components\Rendering\mesh_renderer.h">
      <Filter>Header Files</Filter>
    </ClInclude>
    <ClInclude Include="src\Include\GameplayLayer\Components\audio_listener.h">
      <Filter>Header Files</Filter>
    </ClInclude>
    <ClInclude Include="src\Include\GameplayLayer\Components\audio_source.h">
      <Filter>Header Files</Filter>
    </ClInclude>
    <ClInclude Include="src\Include\GameplayLayer\Components\component_manager.h">
      <Filter>Header Files</Filter>
    </ClInclude>
    <ClInclude Include="src\Include\GameplayLayer\Components\fps_camera.h">
      <Filter>Header Files</Filter>
    </ClInclude>
    <ClInclude Include="src\Include\GameplayLayer\Components\i_component.h">
      <Filter>Header Files</Filter>
    </ClInclude>
    <ClInclude Include="src\Include\GameplayLayer\Components\skybox.h">
      <Filter>Header Files</Filter>
    </ClInclude>
    <ClInclude Include="src\Include\GameplayLayer\Components\transform.h">
      <Filter>Header Files</Filter>
    </ClInclude>
    <ClInclude Include="src\Include\GameplayLayer\gameobject.h">
      <Filter>Header Files</Filter>
    </ClInclude>
    <ClInclude Include="src\Include\GameplayLayer\i_scene.h">
      <Filter>Header Files</Filter>
    </ClInclude>
    <ClInclude Include="src\Include\Physics\ray.h">
      <Filter>Header Files</Filter>
    </ClInclude>
    <ClInclude Include="src\Include\DX.h">
      <Filter>Header Files</Filter>
    </ClInclude>
    <ClInclude Include="src\Include\GameplayLayer\i_game.hpp">
      <Filter>Header Files</Filter>
    </ClInclude>
    <ClInclude Include="src\Include\Core\locator.h">
      <Filter>Header Files</Filter>
    </ClInclude>
    <ClInclude Include="src\Include\GameplayLayer\Components\Rendering\directional_light.h">
      <Filter>Header Files</Filter>
    </ClInclude>
    <ClInclude Include="src\Include\GameplayLayer\Components\Rendering\point_light.h">
      <Filter>Header Files</Filter>
    </ClInclude>
    <ClInclude Include="src\Include\GameplayLayer\Components\Rendering\spot_light.h">
      <Filter>Header Files</Filter>
    </ClInclude>
    <ClInclude Include="src\Include\GameplayLayer\Components\billboard.h">
      <Filter>Header Files</Filter>
    </ClInclude>
    <ClInclude Include="src\Include\Assets\brdf_lut.h">
      <Filter>Header Files</Filter>
    </ClInclude>
    <ClInclude Include="src\Include\Assets\environment_map.h">
      <Filter>Header Files</Filter>
    </ClInclude>
    <ClInclude Include="src\Include\Assets\material_parser.hpp">
      <Filter>Header Files</Filter>
    </ClInclude>
    <ClInclude Include="src\Include\Assets\shader_parser.hpp">
      <Filter>Header Files</Filter>
    </ClInclude>
    <ClInclude Include="src\Include\Assets\asset_manager.h">
      <Filter>Header Files</Filter>
    </ClInclude>
    <ClInclude Include="src\Include\Core\mesh_generator.h">
      <Filter>Header Files</Filter>
    </ClInclude>
    <ClInclude Include="src\Include\Assets\assimp_loader.h">
      <Filter>Header Files</Filter>
    </ClInclude>
    <ClInclude Include="src\Include\Assets\mesh_material_info.hpp">
      <Filter>Header Files</Filter>
    </ClInclude>
    <ClInclude Include="src\Include\Core\Input\input_enums.hpp">
      <Filter>Header Files</Filter>
    </ClInclude>
    <ClInclude Include="src\Include\Core\Input\channel_user.hpp">
      <Filter>Header Files</Filter>
    </ClInclude>
    <ClInclude Include="src\Include\Ext\ImGUI\imconfig.h">
      <Filter>Header Files</Filter>
    </ClInclude>
    <ClInclude Include="src\Include\Ext\ImGUI\imgui.h">
      <Filter>Header Files</Filter>
    </ClInclude>
    <ClInclude Include="src\Include\Ext\ImGUI\imgui_internal.h">
      <Filter>Header Files</Filter>
    </ClInclude>
    <ClInclude Include="src\Include\Ext\ImGUI\stb_rect_pack.h">
      <Filter>Header Files</Filter>
    </ClInclude>
    <ClInclude Include="src\Include\Ext\ImGUI\stb_textedit.h">
      <Filter>Header Files</Filter>
    </ClInclude>
    <ClInclude Include="src\Include\Ext\ImGUI\stb_truetype.h">
      <Filter>Header Files</Filter>
    </ClInclude>
    <ClInclude Include="src\Include\GameplayLayer\Components\Rendering\gui.h">
      <Filter>Header Files</Filter>
    </ClInclude>
    <ClInclude Include="src\Include\GameplayLayer\Components\Rendering\i_light_component.hpp">
      <Filter>Header Files</Filter>
    </ClInclude>
    <ClInclude Include="src\Include\GameplayLayer\layers.hpp">
      <Filter>Header Files</Filter>
    </ClInclude>
    <ClInclude Include="src\Include\GameplayLayer\light_shadow_manager.h">
      <Filter>Header Files</Filter>
    </ClInclude>
  </ItemGroup>
</Project>