
Microsoft Visual Studio Solution File, Format Version 12.00
# Visual Studio 15
VisualStudioVersion = 15.0.27130.2036
MinimumVisualStudioVersion = 10.0.40219.1
Project("{8BC9CEB8-8B4A-11D0-8D11-00A0C91BC942}") = "DX", "DX\DX.vcxproj", "{696DBD41-D438-4702-AB30-D6D3BF73A44A}"
EndProject
Project("{8BC9CEB8-8B4A-11D0-8D11-00A0C91BC942}") = "Test", "Test\Test.vcxproj", "{1E777CA9-6A8E-4EB9-88C0-4A3026AFF4D3}"
EndProject
Project("{8BC9CEB8-8B4A-11D0-8D11-00A0C91BC942}") = "TestGame", "TestGame\TestGame.vcxproj", "{36A94491-ABB0-46C6-B139-2F8308F0F8F3}"
EndProject
Project("{8BC9CEB8-8B4A-11D0-8D11-00A0C91BC942}") = "Graphics", "Graphics\Graphics.vcxproj", "{0587B9E9-A0D5-4885-8311-8935BFF5B76E}"
EndProject
Project("{8BC9CEB8-8B4A-11D0-8D11-00A0C91BC942}") = "Common", "Common\Common.vcxproj", "{B4E97099-347B-457E-A932-B95EC819E057}"
EndProject
Project("{2150E333-8FDC-42A3-9474-1A3956D46DE8}") = "Engine", "Engine", "{590190C1-4758-4502-8436-D2267E751FF8}"
EndProject
Project("{2150E333-8FDC-42A3-9474-1A3956D46DE8}") = "Games", "Games", "{0F38C6C1-C20D-491E-8512-CC4FCDB8C36B}"
EndProject
Project("{2150E333-8FDC-42A3-9474-1A3956D46DE8}") = "Tests", "Tests", "{BC23DCD0-D171-4306-B4CD-F4C66FC8A8D1}"
EndProject
Global
	GlobalSection(Performance) = preSolution
		HasPerformanceSessions = true
	EndGlobalSection
	GlobalSection(SolutionConfigurationPlatforms) = preSolution
		Debug|x64 = Debug|x64
		Release|x64 = Release|x64
		StaticLib - Debug|x64 = StaticLib - Debug|x64
		StaticLib - Release|x64 = StaticLib - Release|x64
	EndGlobalSection
	GlobalSection(ProjectConfigurationPlatforms) = postSolution
		{696DBD41-D438-4702-AB30-D6D3BF73A44A}.Debug|x64.ActiveCfg = Debug|x64
		{696DBD41-D438-4702-AB30-D6D3BF73A44A}.Debug|x64.Build.0 = Debug|x64
		{696DBD41-D438-4702-AB30-D6D3BF73A44A}.Release|x64.ActiveCfg = Release|x64
		{696DBD41-D438-4702-AB30-D6D3BF73A44A}.Release|x64.Build.0 = Release|x64
		{696DBD41-D438-4702-AB30-D6D3BF73A44A}.StaticLib - Debug|x64.ActiveCfg = StaticLib - Debug|x64
		{696DBD41-D438-4702-AB30-D6D3BF73A44A}.StaticLib - Debug|x64.Build.0 = StaticLib - Debug|x64
		{696DBD41-D438-4702-AB30-D6D3BF73A44A}.StaticLib - Release|x64.ActiveCfg = StaticLib - Release|x64
		{696DBD41-D438-4702-AB30-D6D3BF73A44A}.StaticLib - Release|x64.Build.0 = StaticLib - Release|x64
		{1E777CA9-6A8E-4EB9-88C0-4A3026AFF4D3}.Debug|x64.ActiveCfg = Debug|x64
		{1E777CA9-6A8E-4EB9-88C0-4A3026AFF4D3}.Debug|x64.Build.0 = Debug|x64
		{1E777CA9-6A8E-4EB9-88C0-4A3026AFF4D3}.Release|x64.ActiveCfg = Release|x64
		{1E777CA9-6A8E-4EB9-88C0-4A3026AFF4D3}.Release|x64.Build.0 = Release|x64
		{1E777CA9-6A8E-4EB9-88C0-4A3026AFF4D3}.StaticLib - Debug|x64.ActiveCfg = Debug|x64
		{1E777CA9-6A8E-4EB9-88C0-4A3026AFF4D3}.StaticLib - Debug|x64.Build.0 = Debug|x64
		{1E777CA9-6A8E-4EB9-88C0-4A3026AFF4D3}.StaticLib - Release|x64.ActiveCfg = Release|x64
		{1E777CA9-6A8E-4EB9-88C0-4A3026AFF4D3}.StaticLib - Release|x64.Build.0 = Release|x64
		{36A94491-ABB0-46C6-B139-2F8308F0F8F3}.Debug|x64.ActiveCfg = Debug|x64
		{36A94491-ABB0-46C6-B139-2F8308F0F8F3}.Debug|x64.Build.0 = Debug|x64
		{36A94491-ABB0-46C6-B139-2F8308F0F8F3}.Release|x64.ActiveCfg = Release|x64
		{36A94491-ABB0-46C6-B139-2F8308F0F8F3}.Release|x64.Build.0 = Release|x64
		{36A94491-ABB0-46C6-B139-2F8308F0F8F3}.StaticLib - Debug|x64.ActiveCfg = Debug|x64
		{36A94491-ABB0-46C6-B139-2F8308F0F8F3}.StaticLib - Debug|x64.Build.0 = Debug|x64
		{36A94491-ABB0-46C6-B139-2F8308F0F8F3}.StaticLib - Release|x64.ActiveCfg = Release|x64
		{36A94491-ABB0-46C6-B139-2F8308F0F8F3}.StaticLib - Release|x64.Build.0 = Release|x64
		{0587B9E9-A0D5-4885-8311-8935BFF5B76E}.Debug|x64.ActiveCfg = Debug|x64
		{0587B9E9-A0D5-4885-8311-8935BFF5B76E}.Debug|x64.Build.0 = Debug|x64
		{0587B9E9-A0D5-4885-8311-8935BFF5B76E}.Release|x64.ActiveCfg = Release|x64
		{0587B9E9-A0D5-4885-8311-8935BFF5B76E}.Release|x64.Build.0 = Release|x64
		{0587B9E9-A0D5-4885-8311-8935BFF5B76E}.StaticLib - Debug|x64.ActiveCfg = Debug|x64
		{0587B9E9-A0D5-4885-8311-8935BFF5B76E}.StaticLib - Debug|x64.Build.0 = Debug|x64
		{0587B9E9-A0D5-4885-8311-8935BFF5B76E}.StaticLib - Release|x64.ActiveCfg = Release|x64
		{0587B9E9-A0D5-4885-8311-8935BFF5B76E}.StaticLib - Release|x64.Build.0 = Release|x64
		{B4E97099-347B-457E-A932-B95EC819E057}.Debug|x64.ActiveCfg = Debug|x64
		{B4E97099-347B-457E-A932-B95EC819E057}.Debug|x64.Build.0 = Debug|x64
		{B4E97099-347B-457E-A932-B95EC819E057}.Release|x64.ActiveCfg = Release|x64
		{B4E97099-347B-457E-A932-B95EC819E057}.Release|x64.Build.0 = Release|x64
		{B4E97099-347B-457E-A932-B95EC819E057}.StaticLib - Debug|x64.ActiveCfg = Debug|x64
		{B4E97099-347B-457E-A932-B95EC819E057}.StaticLib - Debug|x64.Build.0 = Debug|x64
		{B4E97099-347B-457E-A932-B95EC819E057}.StaticLib - Release|x64.ActiveCfg = Release|x64
		{B4E97099-347B-457E-A932-B95EC819E057}.StaticLib - Release|x64.Build.0 = Release|x64
	EndGlobalSection
	GlobalSection(SolutionProperties) = preSolution
		HideSolutionNode = FALSE
	EndGlobalSection
	GlobalSection(NestedProjects) = preSolution
		{696DBD41-D438-4702-AB30-D6D3BF73A44A} = {590190C1-4758-4502-8436-D2267E751FF8}
		{1E777CA9-6A8E-4EB9-88C0-4A3026AFF4D3} = {BC23DCD0-D171-4306-B4CD-F4C66FC8A8D1}
		{36A94491-ABB0-46C6-B139-2F8308F0F8F3} = {0F38C6C1-C20D-491E-8512-CC4FCDB8C36B}
		{0587B9E9-A0D5-4885-8311-8935BFF5B76E} = {590190C1-4758-4502-8436-D2267E751FF8}
		{B4E97099-347B-457E-A932-B95EC819E057} = {590190C1-4758-4502-8436-D2267E751FF8}
	EndGlobalSection
	GlobalSection(ExtensibilityGlobals) = postSolution
		SolutionGuid = {E4BF99A7-C312-43F9-8D79-651760DBC596}
	EndGlobalSection
	GlobalSection(Performance) = preSolution
		HasPerformanceSessions = true
	EndGlobalSection
EndGlobal
