
Microsoft Visual Studio Solution File, Format Version 12.00
# Visual Studio 15
VisualStudioVersion = 15.0.26730.16
MinimumVisualStudioVersion = 10.0.40219.1
Project("{8BC9CEB8-8B4A-11D0-8D11-00A0C91BC942}") = "DX", "DX\DX.vcxproj", "{696DBD41-D438-4702-AB30-D6D3BF73A44A}"
EndProject
Project("{8BC9CEB8-8B4A-11D0-8D11-00A0C91BC942}") = "Test", "Test\Test.vcxproj", "{1E777CA9-6A8E-4EB9-88C0-4A3026AFF4D3}"
EndProject
Global
	GlobalSection(SolutionConfigurationPlatforms) = preSolution
		Debug|x64 = Debug|x64
		Debug|x86 = Debug|x86
		Release|x64 = Release|x64
		Release|x86 = Release|x86
		StaticLib - Debug|x64 = StaticLib - Debug|x64
		StaticLib - Debug|x86 = StaticLib - Debug|x86
	EndGlobalSection
	GlobalSection(ProjectConfigurationPlatforms) = postSolution
		{696DBD41-D438-4702-AB30-D6D3BF73A44A}.Debug|x64.ActiveCfg = Debug|x64
		{696DBD41-D438-4702-AB30-D6D3BF73A44A}.Debug|x64.Build.0 = Debug|x64
		{696DBD41-D438-4702-AB30-D6D3BF73A44A}.Debug|x86.ActiveCfg = Debug|Win32
		{696DBD41-D438-4702-AB30-D6D3BF73A44A}.Debug|x86.Build.0 = Debug|Win32
		{696DBD41-D438-4702-AB30-D6D3BF73A44A}.Release|x64.ActiveCfg = Release|x64
		{696DBD41-D438-4702-AB30-D6D3BF73A44A}.Release|x64.Build.0 = Release|x64
		{696DBD41-D438-4702-AB30-D6D3BF73A44A}.Release|x86.ActiveCfg = Release|Win32
		{696DBD41-D438-4702-AB30-D6D3BF73A44A}.Release|x86.Build.0 = Release|Win32
		{696DBD41-D438-4702-AB30-D6D3BF73A44A}.StaticLib - Debug|x64.ActiveCfg = StaticLib - Debug|x64
		{696DBD41-D438-4702-AB30-D6D3BF73A44A}.StaticLib - Debug|x64.Build.0 = StaticLib - Debug|x64
		{696DBD41-D438-4702-AB30-D6D3BF73A44A}.StaticLib - Debug|x86.ActiveCfg = StaticLib - Debug|Win32
		{696DBD41-D438-4702-AB30-D6D3BF73A44A}.StaticLib - Debug|x86.Build.0 = StaticLib - Debug|Win32
		{1E777CA9-6A8E-4EB9-88C0-4A3026AFF4D3}.Debug|x64.ActiveCfg = Debug|x64
		{1E777CA9-6A8E-4EB9-88C0-4A3026AFF4D3}.Debug|x64.Build.0 = Debug|x64
		{1E777CA9-6A8E-4EB9-88C0-4A3026AFF4D3}.Debug|x86.ActiveCfg = Debug|Win32
		{1E777CA9-6A8E-4EB9-88C0-4A3026AFF4D3}.Debug|x86.Build.0 = Debug|Win32
		{1E777CA9-6A8E-4EB9-88C0-4A3026AFF4D3}.Release|x64.ActiveCfg = Release|x64
		{1E777CA9-6A8E-4EB9-88C0-4A3026AFF4D3}.Release|x64.Build.0 = Release|x64
		{1E777CA9-6A8E-4EB9-88C0-4A3026AFF4D3}.Release|x86.ActiveCfg = Release|Win32
		{1E777CA9-6A8E-4EB9-88C0-4A3026AFF4D3}.Release|x86.Build.0 = Release|Win32
		{1E777CA9-6A8E-4EB9-88C0-4A3026AFF4D3}.StaticLib - Debug|x64.ActiveCfg = StaticLib - Debug|x64
		{1E777CA9-6A8E-4EB9-88C0-4A3026AFF4D3}.StaticLib - Debug|x64.Build.0 = StaticLib - Debug|x64
		{1E777CA9-6A8E-4EB9-88C0-4A3026AFF4D3}.StaticLib - Debug|x86.ActiveCfg = StaticLib - Debug|Win32
		{1E777CA9-6A8E-4EB9-88C0-4A3026AFF4D3}.StaticLib - Debug|x86.Build.0 = StaticLib - Debug|Win32
	EndGlobalSection
	GlobalSection(SolutionProperties) = preSolution
		HideSolutionNode = FALSE
	EndGlobalSection
	GlobalSection(ExtensibilityGlobals) = postSolution
		SolutionGuid = {E4BF99A7-C312-43F9-8D79-651760DBC596}
	EndGlobalSection
EndGlobal
